// !$*UTF8*$!
{
	archiveVersion = 1;
	classes = {
	};
	objectVersion = 56;
	objects = {

/* Begin PBXBuildFile section */
		B67600C42A9C9B0C00EFBC38 /* Images.swift in Sources */ = {isa = PBXBuildFile; fileRef = B67600C32A9C9B0C00EFBC38 /* Images.swift */; };
		B67600C72A9C9D2000EFBC38 /* Colors.swift in Sources */ = {isa = PBXBuildFile; fileRef = B67600C62A9C9D2000EFBC38 /* Colors.swift */; };
		B67600C92A9C9D6C00EFBC38 /* Icons.swift in Sources */ = {isa = PBXBuildFile; fileRef = B67600C82A9C9D6C00EFBC38 /* Icons.swift */; };
		B67600CD2A9CD20D00EFBC38 /* FacebookButton.swift in Sources */ = {isa = PBXBuildFile; fileRef = B67600CC2A9CD20D00EFBC38 /* FacebookButton.swift */; };
		B67600CF2A9CD2CB00EFBC38 /* EdgeInsets.swift in Sources */ = {isa = PBXBuildFile; fileRef = B67600CE2A9CD2CB00EFBC38 /* EdgeInsets.swift */; };
		B6C9E0B52A9C96C400F258C6 /* SnackOverFlowApp.swift in Sources */ = {isa = PBXBuildFile; fileRef = B6C9E0B42A9C96C400F258C6 /* SnackOverFlowApp.swift */; };
		B6C9E0B72A9C96C400F258C6 /* ContentView.swift in Sources */ = {isa = PBXBuildFile; fileRef = B6C9E0B62A9C96C400F258C6 /* ContentView.swift */; };
		B6C9E0B92A9C96C500F258C6 /* Assets.xcassets in Resources */ = {isa = PBXBuildFile; fileRef = B6C9E0B82A9C96C500F258C6 /* Assets.xcassets */; };
		B6C9E0BC2A9C96C500F258C6 /* Preview Assets.xcassets in Resources */ = {isa = PBXBuildFile; fileRef = B6C9E0BB2A9C96C500F258C6 /* Preview Assets.xcassets */; };
		B6C9E0C62A9C96C600F258C6 /* snackoverflowTests.swift in Sources */ = {isa = PBXBuildFile; fileRef = B6C9E0C52A9C96C600F258C6 /* snackoverflowTests.swift */; };
		B6C9E0D02A9C96C600F258C6 /* snackoverflowUITests.swift in Sources */ = {isa = PBXBuildFile; fileRef = B6C9E0CF2A9C96C600F258C6 /* snackoverflowUITests.swift */; };
		B6C9E0D22A9C96C600F258C6 /* snackoverflowUITestsLaunchTests.swift in Sources */ = {isa = PBXBuildFile; fileRef = B6C9E0D12A9C96C600F258C6 /* snackoverflowUITestsLaunchTests.swift */; };
		B6C9E0E52A9C97E400F258C6 /* WelcomeView.swift in Sources */ = {isa = PBXBuildFile; fileRef = B6C9E0E42A9C97E400F258C6 /* WelcomeView.swift */; };
		B6C9E0E72A9C985F00F258C6 /* Colors.xcassets in Resources */ = {isa = PBXBuildFile; fileRef = B6C9E0E62A9C985F00F258C6 /* Colors.xcassets */; };
		B6C9E0E92A9C987A00F258C6 /* Images.xcassets in Resources */ = {isa = PBXBuildFile; fileRef = B6C9E0E82A9C987A00F258C6 /* Images.xcassets */; };
/* End PBXBuildFile section */

/* Begin PBXContainerItemProxy section */
		B6C9E0C22A9C96C600F258C6 /* PBXContainerItemProxy */ = {
			isa = PBXContainerItemProxy;
			containerPortal = B6C9E0A92A9C96C400F258C6 /* Project object */;
			proxyType = 1;
			remoteGlobalIDString = B6C9E0B02A9C96C400F258C6;
			remoteInfo = snackoverflow;
		};
		B6C9E0CC2A9C96C600F258C6 /* PBXContainerItemProxy */ = {
			isa = PBXContainerItemProxy;
			containerPortal = B6C9E0A92A9C96C400F258C6 /* Project object */;
			proxyType = 1;
			remoteGlobalIDString = B6C9E0B02A9C96C400F258C6;
			remoteInfo = snackoverflow;
		};
/* End PBXContainerItemProxy section */

/* Begin PBXFileReference section */
		B67600C32A9C9B0C00EFBC38 /* Images.swift */ = {isa = PBXFileReference; lastKnownFileType = sourcecode.swift; path = Images.swift; sourceTree = "<group>"; };
		B67600C62A9C9D2000EFBC38 /* Colors.swift */ = {isa = PBXFileReference; lastKnownFileType = sourcecode.swift; path = Colors.swift; sourceTree = "<group>"; };
		B67600C82A9C9D6C00EFBC38 /* Icons.swift */ = {isa = PBXFileReference; lastKnownFileType = sourcecode.swift; path = Icons.swift; sourceTree = "<group>"; };
		B67600CC2A9CD20D00EFBC38 /* FacebookButton.swift */ = {isa = PBXFileReference; lastKnownFileType = sourcecode.swift; path = FacebookButton.swift; sourceTree = "<group>"; };
		B67600CE2A9CD2CB00EFBC38 /* EdgeInsets.swift */ = {isa = PBXFileReference; lastKnownFileType = sourcecode.swift; path = EdgeInsets.swift; sourceTree = "<group>"; };
		B6C9E0B12A9C96C400F258C6 /* snackoverflow.app */ = {isa = PBXFileReference; explicitFileType = wrapper.application; includeInIndex = 0; path = snackoverflow.app; sourceTree = BUILT_PRODUCTS_DIR; };
		B6C9E0B42A9C96C400F258C6 /* SnackOverFlowApp.swift */ = {isa = PBXFileReference; lastKnownFileType = sourcecode.swift; path = SnackOverFlowApp.swift; sourceTree = "<group>"; };
		B6C9E0B62A9C96C400F258C6 /* ContentView.swift */ = {isa = PBXFileReference; lastKnownFileType = sourcecode.swift; path = ContentView.swift; sourceTree = "<group>"; };
		B6C9E0B82A9C96C500F258C6 /* Assets.xcassets */ = {isa = PBXFileReference; lastKnownFileType = folder.assetcatalog; path = Assets.xcassets; sourceTree = "<group>"; };
		B6C9E0BB2A9C96C500F258C6 /* Preview Assets.xcassets */ = {isa = PBXFileReference; lastKnownFileType = folder.assetcatalog; path = "Preview Assets.xcassets"; sourceTree = "<group>"; };
		B6C9E0C12A9C96C600F258C6 /* snackoverflowTests.xctest */ = {isa = PBXFileReference; explicitFileType = wrapper.cfbundle; includeInIndex = 0; path = snackoverflowTests.xctest; sourceTree = BUILT_PRODUCTS_DIR; };
		B6C9E0C52A9C96C600F258C6 /* snackoverflowTests.swift */ = {isa = PBXFileReference; lastKnownFileType = sourcecode.swift; path = snackoverflowTests.swift; sourceTree = "<group>"; };
		B6C9E0CB2A9C96C600F258C6 /* snackoverflowUITests.xctest */ = {isa = PBXFileReference; explicitFileType = wrapper.cfbundle; includeInIndex = 0; path = snackoverflowUITests.xctest; sourceTree = BUILT_PRODUCTS_DIR; };
		B6C9E0CF2A9C96C600F258C6 /* snackoverflowUITests.swift */ = {isa = PBXFileReference; lastKnownFileType = sourcecode.swift; path = snackoverflowUITests.swift; sourceTree = "<group>"; };
		B6C9E0D12A9C96C600F258C6 /* snackoverflowUITestsLaunchTests.swift */ = {isa = PBXFileReference; lastKnownFileType = sourcecode.swift; path = snackoverflowUITestsLaunchTests.swift; sourceTree = "<group>"; };
		B6C9E0E42A9C97E400F258C6 /* WelcomeView.swift */ = {isa = PBXFileReference; lastKnownFileType = sourcecode.swift; path = WelcomeView.swift; sourceTree = "<group>"; };
		B6C9E0E62A9C985F00F258C6 /* Colors.xcassets */ = {isa = PBXFileReference; lastKnownFileType = folder.assetcatalog; path = Colors.xcassets; sourceTree = "<group>"; };
		B6C9E0E82A9C987A00F258C6 /* Images.xcassets */ = {isa = PBXFileReference; lastKnownFileType = folder.assetcatalog; path = Images.xcassets; sourceTree = "<group>"; };
/* End PBXFileReference section */

/* Begin PBXFrameworksBuildPhase section */
		B6C9E0AE2A9C96C400F258C6 /* Frameworks */ = {
			isa = PBXFrameworksBuildPhase;
			buildActionMask = 2147483647;
			files = (
			);
			runOnlyForDeploymentPostprocessing = 0;
		};
		B6C9E0BE2A9C96C600F258C6 /* Frameworks */ = {
			isa = PBXFrameworksBuildPhase;
			buildActionMask = 2147483647;
			files = (
			);
			runOnlyForDeploymentPostprocessing = 0;
		};
		B6C9E0C82A9C96C600F258C6 /* Frameworks */ = {
			isa = PBXFrameworksBuildPhase;
			buildActionMask = 2147483647;
			files = (
			);
			runOnlyForDeploymentPostprocessing = 0;
		};
/* End PBXFrameworksBuildPhase section */

/* Begin PBXGroup section */
		B67600C22A9C9AF700EFBC38 /* Enums */ = {
			isa = PBXGroup;
			children = (
				B67600C32A9C9B0C00EFBC38 /* Images.swift */,
				B67600C82A9C9D6C00EFBC38 /* Icons.swift */,
			);
			path = Enums;
			sourceTree = "<group>";
		};
		B67600C52A9C9D0A00EFBC38 /* Extensions */ = {
			isa = PBXGroup;
			children = (
				B67600C62A9C9D2000EFBC38 /* Colors.swift */,
				B67600CE2A9CD2CB00EFBC38 /* EdgeInsets.swift */,
			);
			path = Extensions;
			sourceTree = "<group>";
		};
		B67600CA2A9CD1F700EFBC38 /* Widget */ = {
			isa = PBXGroup;
			children = (
				B67600CB2A9CD1FC00EFBC38 /* Button */,
			);
			path = Widget;
			sourceTree = "<group>";
		};
		B67600CB2A9CD1FC00EFBC38 /* Button */ = {
			isa = PBXGroup;
			children = (
				B67600CC2A9CD20D00EFBC38 /* FacebookButton.swift */,
			);
			path = Button;
			sourceTree = "<group>";
		};
		B6C9E0A82A9C96C400F258C6 = {
			isa = PBXGroup;
			children = (
				B6C9E0B32A9C96C400F258C6 /* SnackOverFlow */,
				B6C9E0C42A9C96C600F258C6 /* snackoverflowTests */,
				B6C9E0CE2A9C96C600F258C6 /* snackoverflowUITests */,
				B6C9E0B22A9C96C400F258C6 /* Products */,
			);
			sourceTree = "<group>";
		};
		B6C9E0B22A9C96C400F258C6 /* Products */ = {
			isa = PBXGroup;
			children = (
				B6C9E0B12A9C96C400F258C6 /* snackoverflow.app */,
				B6C9E0C12A9C96C600F258C6 /* snackoverflowTests.xctest */,
				B6C9E0CB2A9C96C600F258C6 /* snackoverflowUITests.xctest */,
			);
			name = Products;
			sourceTree = "<group>";
		};
		B6C9E0B32A9C96C400F258C6 /* SnackOverFlow */ = {
			isa = PBXGroup;
			children = (
				B6C9E0E12A9C979C00F258C6 /* Product */,
				B6C9E0E02A9C978300F258C6 /* Feature */,
				B6C9E0DF2A9C977800F258C6 /* Resources */,
				B6C9E0DE2A9C976E00F258C6 /* Utils */,
				B6C9E0B42A9C96C400F258C6 /* SnackOverFlowApp.swift */,
				B6C9E0B62A9C96C400F258C6 /* ContentView.swift */,
				B6C9E0BA2A9C96C500F258C6 /* Preview Content */,
			);
			path = SnackOverFlow;
			sourceTree = "<group>";
		};
		B6C9E0BA2A9C96C500F258C6 /* Preview Content */ = {
			isa = PBXGroup;
			children = (
				B6C9E0BB2A9C96C500F258C6 /* Preview Assets.xcassets */,
			);
			path = "Preview Content";
			sourceTree = "<group>";
		};
		B6C9E0C42A9C96C600F258C6 /* snackoverflowTests */ = {
			isa = PBXGroup;
			children = (
				B6C9E0C52A9C96C600F258C6 /* snackoverflowTests.swift */,
			);
			path = snackoverflowTests;
			sourceTree = "<group>";
		};
		B6C9E0CE2A9C96C600F258C6 /* snackoverflowUITests */ = {
			isa = PBXGroup;
			children = (
				B6C9E0CF2A9C96C600F258C6 /* snackoverflowUITests.swift */,
				B6C9E0D12A9C96C600F258C6 /* snackoverflowUITestsLaunchTests.swift */,
			);
			path = snackoverflowUITests;
			sourceTree = "<group>";
		};
		B6C9E0DE2A9C976E00F258C6 /* Utils */ = {
			isa = PBXGroup;
			children = (
				B67600C52A9C9D0A00EFBC38 /* Extensions */,
				B67600C22A9C9AF700EFBC38 /* Enums */,
			);
			path = Utils;
			sourceTree = "<group>";
		};
		B6C9E0DF2A9C977800F258C6 /* Resources */ = {
			isa = PBXGroup;
			children = (
				B6C9E0EA2A9C988500F258C6 /* Assets */,
			);
			path = Resources;
			sourceTree = "<group>";
		};
		B6C9E0E02A9C978300F258C6 /* Feature */ = {
			isa = PBXGroup;
			children = (
				B6C9E0E22A9C97A800F258C6 /* Authentication */,
			);
			path = Feature;
			sourceTree = "<group>";
		};
		B6C9E0E12A9C979C00F258C6 /* Product */ = {
			isa = PBXGroup;
			children = (
				B67600CA2A9CD1F700EFBC38 /* Widget */,
			);
			path = Product;
			sourceTree = "<group>";
		};
		B6C9E0E22A9C97A800F258C6 /* Authentication */ = {
			isa = PBXGroup;
			children = (
				B6C9E0E32A9C97C500F258C6 /* Welcome */,
			);
			path = Authentication;
			sourceTree = "<group>";
		};
		B6C9E0E32A9C97C500F258C6 /* Welcome */ = {
			isa = PBXGroup;
			children = (
				B6C9E0E42A9C97E400F258C6 /* WelcomeView.swift */,
			);
			path = Welcome;
			sourceTree = "<group>";
		};
		B6C9E0EA2A9C988500F258C6 /* Assets */ = {
			isa = PBXGroup;
			children = (
				B6C9E0B82A9C96C500F258C6 /* Assets.xcassets */,
				B6C9E0E62A9C985F00F258C6 /* Colors.xcassets */,
				B6C9E0E82A9C987A00F258C6 /* Images.xcassets */,
			);
			path = Assets;
			sourceTree = "<group>";
		};
/* End PBXGroup section */

/* Begin PBXNativeTarget section */
		B6C9E0B02A9C96C400F258C6 /* snackoverflow */ = {
			isa = PBXNativeTarget;
			buildConfigurationList = B6C9E0D52A9C96C600F258C6 /* Build configuration list for PBXNativeTarget "snackoverflow" */;
			buildPhases = (
				B6C9E0AD2A9C96C400F258C6 /* Sources */,
				B6C9E0AE2A9C96C400F258C6 /* Frameworks */,
				B6C9E0AF2A9C96C400F258C6 /* Resources */,
			);
			buildRules = (
			);
			dependencies = (
			);
			name = snackoverflow;
			productName = snackoverflow;
			productReference = B6C9E0B12A9C96C400F258C6 /* snackoverflow.app */;
			productType = "com.apple.product-type.application";
		};
		B6C9E0C02A9C96C600F258C6 /* snackoverflowTests */ = {
			isa = PBXNativeTarget;
			buildConfigurationList = B6C9E0D82A9C96C600F258C6 /* Build configuration list for PBXNativeTarget "snackoverflowTests" */;
			buildPhases = (
				B6C9E0BD2A9C96C600F258C6 /* Sources */,
				B6C9E0BE2A9C96C600F258C6 /* Frameworks */,
				B6C9E0BF2A9C96C600F258C6 /* Resources */,
			);
			buildRules = (
			);
			dependencies = (
				B6C9E0C32A9C96C600F258C6 /* PBXTargetDependency */,
			);
			name = snackoverflowTests;
			productName = snackoverflowTests;
			productReference = B6C9E0C12A9C96C600F258C6 /* snackoverflowTests.xctest */;
			productType = "com.apple.product-type.bundle.unit-test";
		};
		B6C9E0CA2A9C96C600F258C6 /* snackoverflowUITests */ = {
			isa = PBXNativeTarget;
			buildConfigurationList = B6C9E0DB2A9C96C600F258C6 /* Build configuration list for PBXNativeTarget "snackoverflowUITests" */;
			buildPhases = (
				B6C9E0C72A9C96C600F258C6 /* Sources */,
				B6C9E0C82A9C96C600F258C6 /* Frameworks */,
				B6C9E0C92A9C96C600F258C6 /* Resources */,
			);
			buildRules = (
			);
			dependencies = (
				B6C9E0CD2A9C96C600F258C6 /* PBXTargetDependency */,
			);
			name = snackoverflowUITests;
			productName = snackoverflowUITests;
			productReference = B6C9E0CB2A9C96C600F258C6 /* snackoverflowUITests.xctest */;
			productType = "com.apple.product-type.bundle.ui-testing";
		};
/* End PBXNativeTarget section */

/* Begin PBXProject section */
		B6C9E0A92A9C96C400F258C6 /* Project object */ = {
			isa = PBXProject;
			attributes = {
				BuildIndependentTargetsInParallel = 1;
				LastSwiftUpdateCheck = 1430;
				LastUpgradeCheck = 1430;
				TargetAttributes = {
					B6C9E0B02A9C96C400F258C6 = {
						CreatedOnToolsVersion = 14.3.1;
					};
					B6C9E0C02A9C96C600F258C6 = {
						CreatedOnToolsVersion = 14.3.1;
						TestTargetID = B6C9E0B02A9C96C400F258C6;
					};
					B6C9E0CA2A9C96C600F258C6 = {
						CreatedOnToolsVersion = 14.3.1;
						TestTargetID = B6C9E0B02A9C96C400F258C6;
					};
				};
			};
			buildConfigurationList = B6C9E0AC2A9C96C400F258C6 /* Build configuration list for PBXProject "snackoverflow" */;
			compatibilityVersion = "Xcode 14.0";
			developmentRegion = en;
			hasScannedForEncodings = 0;
			knownRegions = (
				en,
				Base,
			);
			mainGroup = B6C9E0A82A9C96C400F258C6;
			productRefGroup = B6C9E0B22A9C96C400F258C6 /* Products */;
			projectDirPath = "";
			projectRoot = "";
			targets = (
				B6C9E0B02A9C96C400F258C6 /* snackoverflow */,
				B6C9E0C02A9C96C600F258C6 /* snackoverflowTests */,
				B6C9E0CA2A9C96C600F258C6 /* snackoverflowUITests */,
			);
		};
/* End PBXProject section */

/* Begin PBXResourcesBuildPhase section */
		B6C9E0AF2A9C96C400F258C6 /* Resources */ = {
			isa = PBXResourcesBuildPhase;
			buildActionMask = 2147483647;
			files = (
				B6C9E0E72A9C985F00F258C6 /* Colors.xcassets in Resources */,
				B6C9E0E92A9C987A00F258C6 /* Images.xcassets in Resources */,
				B6C9E0BC2A9C96C500F258C6 /* Preview Assets.xcassets in Resources */,
				B6C9E0B92A9C96C500F258C6 /* Assets.xcassets in Resources */,
			);
			runOnlyForDeploymentPostprocessing = 0;
		};
		B6C9E0BF2A9C96C600F258C6 /* Resources */ = {
			isa = PBXResourcesBuildPhase;
			buildActionMask = 2147483647;
			files = (
			);
			runOnlyForDeploymentPostprocessing = 0;
		};
		B6C9E0C92A9C96C600F258C6 /* Resources */ = {
			isa = PBXResourcesBuildPhase;
			buildActionMask = 2147483647;
			files = (
			);
			runOnlyForDeploymentPostprocessing = 0;
		};
/* End PBXResourcesBuildPhase section */

/* Begin PBXSourcesBuildPhase section */
		B6C9E0AD2A9C96C400F258C6 /* Sources */ = {
			isa = PBXSourcesBuildPhase;
			buildActionMask = 2147483647;
			files = (
				B6C9E0B72A9C96C400F258C6 /* ContentView.swift in Sources */,
				B67600C72A9C9D2000EFBC38 /* Colors.swift in Sources */,
				B67600C92A9C9D6C00EFBC38 /* Icons.swift in Sources */,
				B67600CD2A9CD20D00EFBC38 /* FacebookButton.swift in Sources */,
				B67600C42A9C9B0C00EFBC38 /* Images.swift in Sources */,
				B6C9E0E52A9C97E400F258C6 /* WelcomeView.swift in Sources */,
				B67600CF2A9CD2CB00EFBC38 /* EdgeInsets.swift in Sources */,
				B6C9E0B52A9C96C400F258C6 /* SnackOverFlowApp.swift in Sources */,
			);
			runOnlyForDeploymentPostprocessing = 0;
		};
		B6C9E0BD2A9C96C600F258C6 /* Sources */ = {
			isa = PBXSourcesBuildPhase;
			buildActionMask = 2147483647;
			files = (
				B6C9E0C62A9C96C600F258C6 /* snackoverflowTests.swift in Sources */,
			);
			runOnlyForDeploymentPostprocessing = 0;
		};
		B6C9E0C72A9C96C600F258C6 /* Sources */ = {
			isa = PBXSourcesBuildPhase;
			buildActionMask = 2147483647;
			files = (
				B6C9E0D02A9C96C600F258C6 /* snackoverflowUITests.swift in Sources */,
				B6C9E0D22A9C96C600F258C6 /* snackoverflowUITestsLaunchTests.swift in Sources */,
			);
			runOnlyForDeploymentPostprocessing = 0;
		};
/* End PBXSourcesBuildPhase section */

/* Begin PBXTargetDependency section */
		B6C9E0C32A9C96C600F258C6 /* PBXTargetDependency */ = {
			isa = PBXTargetDependency;
			target = B6C9E0B02A9C96C400F258C6 /* snackoverflow */;
			targetProxy = B6C9E0C22A9C96C600F258C6 /* PBXContainerItemProxy */;
		};
		B6C9E0CD2A9C96C600F258C6 /* PBXTargetDependency */ = {
			isa = PBXTargetDependency;
			target = B6C9E0B02A9C96C400F258C6 /* snackoverflow */;
			targetProxy = B6C9E0CC2A9C96C600F258C6 /* PBXContainerItemProxy */;
		};
/* End PBXTargetDependency section */

/* Begin XCBuildConfiguration section */
		B6C9E0D32A9C96C600F258C6 /* Debug */ = {
			isa = XCBuildConfiguration;
			buildSettings = {
				ALWAYS_SEARCH_USER_PATHS = NO;
				CLANG_ANALYZER_NONNULL = YES;
				CLANG_ANALYZER_NUMBER_OBJECT_CONVERSION = YES_AGGRESSIVE;
				CLANG_CXX_LANGUAGE_STANDARD = "gnu++20";
				CLANG_ENABLE_MODULES = YES;
				CLANG_ENABLE_OBJC_ARC = YES;
				CLANG_ENABLE_OBJC_WEAK = YES;
				CLANG_WARN_BLOCK_CAPTURE_AUTORELEASING = YES;
				CLANG_WARN_BOOL_CONVERSION = YES;
				CLANG_WARN_COMMA = YES;
				CLANG_WARN_CONSTANT_CONVERSION = YES;
				CLANG_WARN_DEPRECATED_OBJC_IMPLEMENTATIONS = YES;
				CLANG_WARN_DIRECT_OBJC_ISA_USAGE = YES_ERROR;
				CLANG_WARN_DOCUMENTATION_COMMENTS = YES;
				CLANG_WARN_EMPTY_BODY = YES;
				CLANG_WARN_ENUM_CONVERSION = YES;
				CLANG_WARN_INFINITE_RECURSION = YES;
				CLANG_WARN_INT_CONVERSION = YES;
				CLANG_WARN_NON_LITERAL_NULL_CONVERSION = YES;
				CLANG_WARN_OBJC_IMPLICIT_RETAIN_SELF = YES;
				CLANG_WARN_OBJC_LITERAL_CONVERSION = YES;
				CLANG_WARN_OBJC_ROOT_CLASS = YES_ERROR;
				CLANG_WARN_QUOTED_INCLUDE_IN_FRAMEWORK_HEADER = YES;
				CLANG_WARN_RANGE_LOOP_ANALYSIS = YES;
				CLANG_WARN_STRICT_PROTOTYPES = YES;
				CLANG_WARN_SUSPICIOUS_MOVE = YES;
				CLANG_WARN_UNGUARDED_AVAILABILITY = YES_AGGRESSIVE;
				CLANG_WARN_UNREACHABLE_CODE = YES;
				CLANG_WARN__DUPLICATE_METHOD_MATCH = YES;
				COPY_PHASE_STRIP = NO;
				DEBUG_INFORMATION_FORMAT = dwarf;
				ENABLE_STRICT_OBJC_MSGSEND = YES;
				ENABLE_TESTABILITY = YES;
				GCC_C_LANGUAGE_STANDARD = gnu11;
				GCC_DYNAMIC_NO_PIC = NO;
				GCC_NO_COMMON_BLOCKS = YES;
				GCC_OPTIMIZATION_LEVEL = 0;
				GCC_PREPROCESSOR_DEFINITIONS = (
					"DEBUG=1",
					"$(inherited)",
				);
				GCC_WARN_64_TO_32_BIT_CONVERSION = YES;
				GCC_WARN_ABOUT_RETURN_TYPE = YES_ERROR;
				GCC_WARN_UNDECLARED_SELECTOR = YES;
				GCC_WARN_UNINITIALIZED_AUTOS = YES_AGGRESSIVE;
				GCC_WARN_UNUSED_FUNCTION = YES;
				GCC_WARN_UNUSED_VARIABLE = YES;
				IPHONEOS_DEPLOYMENT_TARGET = 16.4;
				MTL_ENABLE_DEBUG_INFO = INCLUDE_SOURCE;
				MTL_FAST_MATH = YES;
				ONLY_ACTIVE_ARCH = YES;
				SDKROOT = iphoneos;
				SWIFT_ACTIVE_COMPILATION_CONDITIONS = DEBUG;
				SWIFT_OPTIMIZATION_LEVEL = "-Onone";
			};
			name = Debug;
		};
		B6C9E0D42A9C96C600F258C6 /* Release */ = {
			isa = XCBuildConfiguration;
			buildSettings = {
				ALWAYS_SEARCH_USER_PATHS = NO;
				CLANG_ANALYZER_NONNULL = YES;
				CLANG_ANALYZER_NUMBER_OBJECT_CONVERSION = YES_AGGRESSIVE;
				CLANG_CXX_LANGUAGE_STANDARD = "gnu++20";
				CLANG_ENABLE_MODULES = YES;
				CLANG_ENABLE_OBJC_ARC = YES;
				CLANG_ENABLE_OBJC_WEAK = YES;
				CLANG_WARN_BLOCK_CAPTURE_AUTORELEASING = YES;
				CLANG_WARN_BOOL_CONVERSION = YES;
				CLANG_WARN_COMMA = YES;
				CLANG_WARN_CONSTANT_CONVERSION = YES;
				CLANG_WARN_DEPRECATED_OBJC_IMPLEMENTATIONS = YES;
				CLANG_WARN_DIRECT_OBJC_ISA_USAGE = YES_ERROR;
				CLANG_WARN_DOCUMENTATION_COMMENTS = YES;
				CLANG_WARN_EMPTY_BODY = YES;
				CLANG_WARN_ENUM_CONVERSION = YES;
				CLANG_WARN_INFINITE_RECURSION = YES;
				CLANG_WARN_INT_CONVERSION = YES;
				CLANG_WARN_NON_LITERAL_NULL_CONVERSION = YES;
				CLANG_WARN_OBJC_IMPLICIT_RETAIN_SELF = YES;
				CLANG_WARN_OBJC_LITERAL_CONVERSION = YES;
				CLANG_WARN_OBJC_ROOT_CLASS = YES_ERROR;
				CLANG_WARN_QUOTED_INCLUDE_IN_FRAMEWORK_HEADER = YES;
				CLANG_WARN_RANGE_LOOP_ANALYSIS = YES;
				CLANG_WARN_STRICT_PROTOTYPES = YES;
				CLANG_WARN_SUSPICIOUS_MOVE = YES;
				CLANG_WARN_UNGUARDED_AVAILABILITY = YES_AGGRESSIVE;
				CLANG_WARN_UNREACHABLE_CODE = YES;
				CLANG_WARN__DUPLICATE_METHOD_MATCH = YES;
				COPY_PHASE_STRIP = NO;
				DEBUG_INFORMATION_FORMAT = "dwarf-with-dsym";
				ENABLE_NS_ASSERTIONS = NO;
				ENABLE_STRICT_OBJC_MSGSEND = YES;
				GCC_C_LANGUAGE_STANDARD = gnu11;
				GCC_NO_COMMON_BLOCKS = YES;
				GCC_WARN_64_TO_32_BIT_CONVERSION = YES;
				GCC_WARN_ABOUT_RETURN_TYPE = YES_ERROR;
				GCC_WARN_UNDECLARED_SELECTOR = YES;
				GCC_WARN_UNINITIALIZED_AUTOS = YES_AGGRESSIVE;
				GCC_WARN_UNUSED_FUNCTION = YES;
				GCC_WARN_UNUSED_VARIABLE = YES;
				IPHONEOS_DEPLOYMENT_TARGET = 16.4;
				MTL_ENABLE_DEBUG_INFO = NO;
				MTL_FAST_MATH = YES;
				SDKROOT = iphoneos;
				SWIFT_COMPILATION_MODE = wholemodule;
				SWIFT_OPTIMIZATION_LEVEL = "-O";
				VALIDATE_PRODUCT = YES;
			};
			name = Release;
		};
		B6C9E0D62A9C96C600F258C6 /* Debug */ = {
			isa = XCBuildConfiguration;
			buildSettings = {
				ASSETCATALOG_COMPILER_APPICON_NAME = AppIcon;
				ASSETCATALOG_COMPILER_GLOBAL_ACCENT_COLOR_NAME = AccentColor;
				CODE_SIGN_STYLE = Automatic;
				CURRENT_PROJECT_VERSION = 1;
				DEVELOPMENT_ASSET_PATHS = "\"snackoverflow/Preview Content\"";
				ENABLE_PREVIEWS = YES;
				GENERATE_INFOPLIST_FILE = YES;
				INFOPLIST_KEY_UIApplicationSceneManifest_Generation = YES;
				INFOPLIST_KEY_UIApplicationSupportsIndirectInputEvents = YES;
				INFOPLIST_KEY_UILaunchScreen_Generation = YES;
				INFOPLIST_KEY_UISupportedInterfaceOrientations_iPad = "UIInterfaceOrientationPortrait UIInterfaceOrientationPortraitUpsideDown UIInterfaceOrientationLandscapeLeft UIInterfaceOrientationLandscapeRight";
				INFOPLIST_KEY_UISupportedInterfaceOrientations_iPhone = "UIInterfaceOrientationPortrait UIInterfaceOrientationLandscapeLeft UIInterfaceOrientationLandscapeRight";
				LD_RUNPATH_SEARCH_PATHS = (
					"$(inherited)",
					"@executable_path/Frameworks",
				);
				MARKETING_VERSION = 1.0;
				PRODUCT_BUNDLE_IDENTIFIER = com.mavzerbay.snackoverflow;
				PRODUCT_NAME = "$(TARGET_NAME)";
				SWIFT_EMIT_LOC_STRINGS = YES;
				SWIFT_VERSION = 5.0;
				TARGETED_DEVICE_FAMILY = "1,2";
			};
			name = Debug;
		};
		B6C9E0D72A9C96C600F258C6 /* Release */ = {
			isa = XCBuildConfiguration;
			buildSettings = {
				ASSETCATALOG_COMPILER_APPICON_NAME = AppIcon;
				ASSETCATALOG_COMPILER_GLOBAL_ACCENT_COLOR_NAME = AccentColor;
				CODE_SIGN_STYLE = Automatic;
				CURRENT_PROJECT_VERSION = 1;
				DEVELOPMENT_ASSET_PATHS = "\"snackoverflow/Preview Content\"";
				ENABLE_PREVIEWS = YES;
				GENERATE_INFOPLIST_FILE = YES;
				INFOPLIST_KEY_UIApplicationSceneManifest_Generation = YES;
				INFOPLIST_KEY_UIApplicationSupportsIndirectInputEvents = YES;
				INFOPLIST_KEY_UILaunchScreen_Generation = YES;
				INFOPLIST_KEY_UISupportedInterfaceOrientations_iPad = "UIInterfaceOrientationPortrait UIInterfaceOrientationPortraitUpsideDown UIInterfaceOrientationLandscapeLeft UIInterfaceOrientationLandscapeRight";
				INFOPLIST_KEY_UISupportedInterfaceOrientations_iPhone = "UIInterfaceOrientationPortrait UIInterfaceOrientationLandscapeLeft UIInterfaceOrientationLandscapeRight";
				LD_RUNPATH_SEARCH_PATHS = (
					"$(inherited)",
					"@executable_path/Frameworks",
				);
				MARKETING_VERSION = 1.0;
				PRODUCT_BUNDLE_IDENTIFIER = com.mavzerbay.snackoverflow;
				PRODUCT_NAME = "$(TARGET_NAME)";
				SWIFT_EMIT_LOC_STRINGS = YES;
				SWIFT_VERSION = 5.0;
				TARGETED_DEVICE_FAMILY = "1,2";
			};
			name = Release;
		};
		B6C9E0D92A9C96C600F258C6 /* Debug */ = {
			isa = XCBuildConfiguration;
			buildSettings = {
				ALWAYS_EMBED_SWIFT_STANDARD_LIBRARIES = YES;
				BUNDLE_LOADER = "$(TEST_HOST)";
				CODE_SIGN_STYLE = Automatic;
				CURRENT_PROJECT_VERSION = 1;
				GENERATE_INFOPLIST_FILE = YES;
				IPHONEOS_DEPLOYMENT_TARGET = 16.4;
				MARKETING_VERSION = 1.0;
				PRODUCT_BUNDLE_IDENTIFIER = com.mavzerbay.snackoverflowTests;
				PRODUCT_NAME = "$(TARGET_NAME)";
				SWIFT_EMIT_LOC_STRINGS = NO;
				SWIFT_VERSION = 5.0;
				TARGETED_DEVICE_FAMILY = "1,2";
				TEST_HOST = "$(BUILT_PRODUCTS_DIR)/snackoverflow.app/$(BUNDLE_EXECUTABLE_FOLDER_PATH)/snackoverflow";
			};
			name = Debug;
		};
		B6C9E0DA2A9C96C600F258C6 /* Release */ = {
			isa = XCBuildConfiguration;
			buildSettings = {
				ALWAYS_EMBED_SWIFT_STANDARD_LIBRARIES = YES;
				BUNDLE_LOADER = "$(TEST_HOST)";
				CODE_SIGN_STYLE = Automatic;
				CURRENT_PROJECT_VERSION = 1;
				GENERATE_INFOPLIST_FILE = YES;
				IPHONEOS_DEPLOYMENT_TARGET = 16.4;
				MARKETING_VERSION = 1.0;
				PRODUCT_BUNDLE_IDENTIFIER = com.mavzerbay.snackoverflowTests;
				PRODUCT_NAME = "$(TARGET_NAME)";
				SWIFT_EMIT_LOC_STRINGS = NO;
				SWIFT_VERSION = 5.0;
				TARGETED_DEVICE_FAMILY = "1,2";
				TEST_HOST = "$(BUILT_PRODUCTS_DIR)/snackoverflow.app/$(BUNDLE_EXECUTABLE_FOLDER_PATH)/snackoverflow";
			};
			name = Release;
		};
		B6C9E0DC2A9C96C600F258C6 /* Debug */ = {
			isa = XCBuildConfiguration;
			buildSettings = {
				ALWAYS_EMBED_SWIFT_STANDARD_LIBRARIES = YES;
				CODE_SIGN_STYLE = Automatic;
				CURRENT_PROJECT_VERSION = 1;
				GENERATE_INFOPLIST_FILE = YES;
				MARKETING_VERSION = 1.0;
				PRODUCT_BUNDLE_IDENTIFIER = com.mavzerbay.snackoverflowUITests;
				PRODUCT_NAME = "$(TARGET_NAME)";
				SWIFT_EMIT_LOC_STRINGS = NO;
				SWIFT_VERSION = 5.0;
				TARGETED_DEVICE_FAMILY = "1,2";
				TEST_TARGET_NAME = snackoverflow;
			};
			name = Debug;
		};
		B6C9E0DD2A9C96C600F258C6 /* Release */ = {
			isa = XCBuildConfiguration;
			buildSettings = {
				ALWAYS_EMBED_SWIFT_STANDARD_LIBRARIES = YES;
				CODE_SIGN_STYLE = Automatic;
				CURRENT_PROJECT_VERSION = 1;
				GENERATE_INFOPLIST_FILE = YES;
				MARKETING_VERSION = 1.0;
				PRODUCT_BUNDLE_IDENTIFIER = com.mavzerbay.snackoverflowUITests;
				PRODUCT_NAME = "$(TARGET_NAME)";
				SWIFT_EMIT_LOC_STRINGS = NO;
				SWIFT_VERSION = 5.0;
				TARGETED_DEVICE_FAMILY = "1,2";
				TEST_TARGET_NAME = snackoverflow;
			};
			name = Release;
		};
/* End XCBuildConfiguration section */

/* Begin XCConfigurationList section */
		B6C9E0AC2A9C96C400F258C6 /* Build configuration list for PBXProject "snackoverflow" */ = {
			isa = XCConfigurationList;
			buildConfigurations = (
				B6C9E0D32A9C96C600F258C6 /* Debug */,
				B6C9E0D42A9C96C600F258C6 /* Release */,
			);
			defaultConfigurationIsVisible = 0;
			defaultConfigurationName = Release;
		};
		B6C9E0D52A9C96C600F258C6 /* Build configuration list for PBXNativeTarget "snackoverflow" */ = {
			isa = XCConfigurationList;
			buildConfigurations = (
				B6C9E0D62A9C96C600F258C6 /* Debug */,
				B6C9E0D72A9C96C600F258C6 /* Release */,
			);
			defaultConfigurationIsVisible = 0;
			defaultConfigurationName = Release;
		};
		B6C9E0D82A9C96C600F258C6 /* Build configuration list for PBXNativeTarget "snackoverflowTests" */ = {
			isa = XCConfigurationList;
			buildConfigurations = (
				B6C9E0D92A9C96C600F258C6 /* Debug */,
				B6C9E0DA2A9C96C600F258C6 /* Release */,
			);
			defaultConfigurationIsVisible = 0;
			defaultConfigurationName = Release;
		};
		B6C9E0DB2A9C96C600F258C6 /* Build configuration list for PBXNativeTarget "snackoverflowUITests" */ = {
			isa = XCConfigurationList;
			buildConfigurations = (
				B6C9E0DC2A9C96C600F258C6 /* Debug */,
				B6C9E0DD2A9C96C600F258C6 /* Release */,
			);
			defaultConfigurationIsVisible = 0;
			defaultConfigurationName = Release;
		};
/* End XCConfigurationList section */
	};
	rootObject = B6C9E0A92A9C96C400F258C6 /* Project object */;
}
